{
  "name": "newman_jerome_fe",
  "version": "0.0.1-SNAPSHOT",
  "lockfileVersion": 1,
  "requires": true,
  "dependencies": {
    "@babel/runtime": {
      "version": "7.7.6",
      "resolved": "https://registry.npmjs.org/@babel/runtime/-/runtime-7.7.6.tgz",
      "integrity": "sha512-BWAJxpNVa0QlE5gZdWjSxXtemZyZ9RmrmVozxt3NUXeZhVIJ5ANyqmMc0JDrivBZyxUuQvFxlvH4OWWOogGfUw==",
      "requires": {
        "regenerator-runtime": "0.13.3"
      }
    },
    "@reduxjs/toolkit": {
      "version": "1.1.0",
      "resolved": "https://registry.npmjs.org/@reduxjs/toolkit/-/toolkit-1.1.0.tgz",
      "integrity": "sha512-ttAoBieIxa/08MmL/SFKCx/xXJVF7ALolun5yNaPSixA73ueEUUYQhupmxlOJ/n6HgN3i4xs8HMgkm6XT4G6sA==",
      "requires": {
        "immer": "4.0.2",
        "redux": "4.0.4",
        "redux-devtools-extension": "2.13.8",
        "redux-immutable-state-invariant": "2.1.0",
        "redux-thunk": "2.3.0",
        "reselect": "4.0.0"
      }
    },
    "hoist-non-react-statics": {
      "version": "3.3.1",
      "resolved": "https://registry.npmjs.org/hoist-non-react-statics/-/hoist-non-react-statics-3.3.1.tgz",
      "integrity": "sha512-wbg3bpgA/ZqWrZuMOeJi8+SKMhr7X9TesL/rXMjTzh0p0JUBo3II8DHboYbuIXWRlttrUFxwcu/5kygrCw8fJw==",
      "requires": {
        "react-is": "16.12.0"
      }
    },
    "immer": {
      "version": "4.0.2",
      "resolved": "https://registry.npmjs.org/immer/-/immer-4.0.2.tgz",
      "integrity": "sha512-Q/tm+yKqnKy4RIBmmtISBlhXuSDrB69e9EKTYiIenIKQkXBQir43w+kN/eGiax3wt1J0O1b2fYcNqLSbEcXA7w=="
    },
    "invariant": {
      "version": "2.2.4",
      "resolved": "https://registry.npmjs.org/invariant/-/invariant-2.2.4.tgz",
      "integrity": "sha512-phJfQVBuaJM5raOpJjSfkiD6BpbCE4Ns//LaXl6wGYtUBY83nWS6Rf9tXm2e8VaK60JEjYldbPif/A2B1C2gNA==",
      "requires": {
        "loose-envify": "1.4.0"
      }
    },
    "js-tokens": {
      "version": "4.0.0",
      "resolved": "https://registry.npmjs.org/js-tokens/-/js-tokens-4.0.0.tgz",
      "integrity": "sha512-RdJUflcE3cUzKiMqQgsCu06FPu9UdIJO0beYbPhHN4k6apgJtifcoCtT9bcxOpYBtpD2kCM6Sbzg4CausW/PKQ=="
    },
    "json-stringify-safe": {
      "version": "5.0.1",
      "resolved": "https://registry.npmjs.org/json-stringify-safe/-/json-stringify-safe-5.0.1.tgz",
      "integrity": "sha1-Epai1Y/UXxmg9s4B1lcB4sc1tus="
    },
    "lodash": {
      "version": "4.17.15",
      "resolved": "https://registry.npmjs.org/lodash/-/lodash-4.17.15.tgz",
      "integrity": "sha512-8xOcRHvCjnocdS5cpwXQXVzmmh5e5+saE2QGoeQmbKmRS6J3VQppPOIt0MnmE+4xlZoumy0GPG0D0MVIQbNA1A==",
      "dev": true
    },
    "loose-envify": {
      "version": "1.4.0",
      "resolved": "https://registry.npmjs.org/loose-envify/-/loose-envify-1.4.0.tgz",
      "integrity": "sha512-lyuxPGr/Wfhrlem2CL/UcnUc1zcqKAImBDzukY7Y5F/yQiNdko6+fRLevlw1HgMySw7f611UIY408EtxRSoK3Q==",
      "requires": {
        "js-tokens": "4.0.0"
      }
    },
    "object-assign": {
      "version": "4.1.1",
      "resolved": "https://registry.npmjs.org/object-assign/-/object-assign-4.1.1.tgz",
      "integrity": "sha1-IQmtx5ZYh8/AXLvUQsrIv7s2CGM="
    },
    "prop-types": {
      "version": "15.7.2",
      "resolved": "https://registry.npmjs.org/prop-types/-/prop-types-15.7.2.tgz",
      "integrity": "sha512-8QQikdH7//R2vurIJSutZ1smHYTcLpRWEOlHnzcWHmBYrOGUysKwSsrC89BCiFj3CbrfJ/nXFdJepOVrY1GCHQ==",
      "requires": {
        "loose-envify": "1.4.0",
        "object-assign": "4.1.1",
        "react-is": "16.12.0"
      }
    },
    "react-is": {
      "version": "16.12.0",
      "resolved": "https://registry.npmjs.org/react-is/-/react-is-16.12.0.tgz",
      "integrity": "sha512-rPCkf/mWBtKc97aLL9/txD8DZdemK0vkA3JMLShjlJB3Pj3s+lpf1KaBzMfQrAmhMQB0n1cU/SUGgKKBCe837Q=="
    },
    "react-redux": {
      "version": "7.1.3",
      "resolved": "https://registry.npmjs.org/react-redux/-/react-redux-7.1.3.tgz",
      "integrity": "sha512-uI1wca+ECG9RoVkWQFF4jDMqmaw0/qnvaSvOoL/GA4dNxf6LoV8sUAcNDvE5NWKs4hFpn0t6wswNQnY3f7HT3w==",
      "requires": {
        "@babel/runtime": "7.7.6",
        "hoist-non-react-statics": "3.3.1",
        "invariant": "2.2.4",
        "loose-envify": "1.4.0",
        "prop-types": "15.7.2",
        "react-is": "16.12.0"
      }
    },
    "redux": {
      "version": "4.0.4",
      "resolved": "https://registry.npmjs.org/redux/-/redux-4.0.4.tgz",
      "integrity": "sha512-vKv4WdiJxOWKxK0yRoaK3Y4pxxB0ilzVx6dszU2W8wLxlb2yikRph4iV/ymtdJ6ZxpBLFbyrxklnT5yBbQSl3Q==",
      "requires": {
        "loose-envify": "1.4.0",
        "symbol-observable": "1.2.0"
      }
    },
    "redux-devtools": {
      "version": "3.5.0",
      "resolved": "https://registry.npmjs.org/redux-devtools/-/redux-devtools-3.5.0.tgz",
      "integrity": "sha512-pGU8TZNvWxPaCCE432AGm6H6alQbAz80gQM5CzM3SjX9/oSNu/HPF17xFdPQJOXasqyih1Gv167kZDTRe7r0iQ==",
      "dev": true,
      "requires": {
        "lodash": "4.17.15",
        "prop-types": "15.7.2",
        "redux-devtools-instrument": "1.9.6"
      }
    },
    "redux-devtools-extension": {
      "version": "2.13.8",
      "resolved": "https://registry.npmjs.org/redux-devtools-extension/-/redux-devtools-extension-2.13.8.tgz",
      "integrity": "sha512-8qlpooP2QqPtZHQZRhx3x3OP5skEV1py/zUdMY28WNAocbafxdG2tRD1MWE7sp8obGMNYuLWanhhQ7EQvT1FBg=="
    },
    "redux-devtools-instrument": {
      "version": "1.9.6",
      "resolved": "https://registry.npmjs.org/redux-devtools-instrument/-/redux-devtools-instrument-1.9.6.tgz",
      "integrity": "sha512-MwvY4cLEB2tIfWWBzrUR02UM9qRG2i7daNzywRvabOSVdvAY7s9BxSwMmVRH1Y/7QWjplNtOwgT0apKhHg2Qew==",
      "dev": true,
      "requires": {
        "lodash": "4.17.15",
        "symbol-observable": "1.2.0"
      }
    },
    "redux-immutable-state-invariant": {
      "version": "2.1.0",
      "resolved": "https://registry.npmjs.org/redux-immutable-state-invariant/-/redux-immutable-state-invariant-2.1.0.tgz",
      "integrity": "sha512-3czbDKs35FwiBRsx/3KabUk5zSOoTXC+cgVofGkpBNv3jQcqIe5JrHcF5AmVt7B/4hyJ8MijBIpCJ8cife6yJg==",
      "requires": {
        "invariant": "2.2.4",
        "json-stringify-safe": "5.0.1"
      }
    },
    "redux-thunk": {
      "version": "2.3.0",
      "resolved": "https://registry.npmjs.org/redux-thunk/-/redux-thunk-2.3.0.tgz",
      "integrity": "sha512-km6dclyFnmcvxhAcrQV2AkZmPQjzPDjgVlQtR0EQjxZPyJ0BnMf3in1ryuR8A2qU0HldVRfxYXbFSKlI3N7Slw=="
    },
    "regenerator-runtime": {
      "version": "0.13.3",
      "resolved": "https://registry.npmjs.org/regenerator-runtime/-/regenerator-runtime-0.13.3.tgz",
      "integrity": "sha512-naKIZz2GQ8JWh///G7L3X6LaQUAMp2lvb1rvwwsURe/VXwD6VMfr+/1NuNw3ag8v2kY1aQ/go5SNn79O9JU7yw=="
    },
    "reselect": {
      "version": "4.0.0",
      "resolved": "https://registry.npmjs.org/reselect/-/reselect-4.0.0.tgz",
      "integrity": "sha512-qUgANli03jjAyGlnbYVAV5vvnOmJnODyABz51RdBN7M4WaVu8mecZWgyQNkG8Yqe3KRGRt0l4K4B3XVEULC4CA=="
    },
    "symbol-observable": {
      "version": "1.2.0",
      "resolved": "https://registry.npmjs.org/symbol-observable/-/symbol-observable-1.2.0.tgz",
      "integrity": "sha512-e900nM8RRtGhlV36KGEU9k65K3mPb1WV70OdjfxlG2EAuM1noi/E/BaW/uMhL7bPEssK8QV57vN3esixjUvcXQ=="
    }
  }
}
